
Microsoft Visual Studio Solution File, Format Version 12.00
# Visual Studio Version 17
VisualStudioVersion = 17.8.34330.188
MinimumVisualStudioVersion = 10.0.40219.1
Project("{FAE04EC0-301F-11D3-BF4B-00C04F79EFBC}") = "LibraryApplicationProject", "LibraryApplicationProject\LibraryApplicationProject.csproj", "{E4755998-87B0-4E1F-84A7-180B60FB59E0}"
EndProject
Global
	GlobalSection(SolutionConfigurationPlatforms) = preSolution
		Debug|Any CPU = Debug|Any CPU
		Release|Any CPU = Release|Any CPU
	EndGlobalSection
	GlobalSection(ProjectConfigurationPlatforms) = postSolution
		{E4755998-87B0-4E1F-84A7-180B60FB59E0}.Debug|Any CPU.ActiveCfg = Debug|Any CPU
		{E4755998-87B0-4E1F-84A7-180B60FB59E0}.Debug|Any CPU.Build.0 = Debug|Any CPU
		{E4755998-87B0-4E1F-84A7-180B60FB59E0}.Release|Any CPU.ActiveCfg = Release|Any CPU
		{E4755998-87B0-4E1F-84A7-180B60FB59E0}.Release|Any CPU.Build.0 = Release|Any CPU
	EndGlobalSection
	GlobalSection(SolutionProperties) = preSolution
		HideSolutionNode = FALSE
	EndGlobalSection
	GlobalSection(ExtensibilityGlobals) = postSolution
		SolutionGuid = {6C8011C1-7DDA-4088-841A-3D853CC62441}
	EndGlobalSection
EndGlobal
